
Microsoft Visual Studio Solution File, Format Version 12.00
# Visual Studio 2012
Project("{FAE04EC0-301F-11D3-BF4B-00C04F79EFBC}") = "HW2MVC", "HW2MVC\HW2MVC.csproj", "{07EE57A1-919C-4628-B7B5-436C020BCC75}"
EndProject
Global
	GlobalSection(SolutionConfigurationPlatforms) = preSolution
		Debug|Any CPU = Debug|Any CPU
		Release|Any CPU = Release|Any CPU
	EndGlobalSection
	GlobalSection(ProjectConfigurationPlatforms) = postSolution
		{07EE57A1-919C-4628-B7B5-436C020BCC75}.Debug|Any CPU.ActiveCfg = Debug|Any CPU
		{07EE57A1-919C-4628-B7B5-436C020BCC75}.Debug|Any CPU.Build.0 = Debug|Any CPU
		{07EE57A1-919C-4628-B7B5-436C020BCC75}.Release|Any CPU.ActiveCfg = Release|Any CPU
		{07EE57A1-919C-4628-B7B5-436C020BCC75}.Release|Any CPU.Build.0 = Release|Any CPU
	EndGlobalSection
	GlobalSection(SolutionProperties) = preSolution
		HideSolutionNode = FALSE
	EndGlobalSection
EndGlobal
